
Microsoft Visual Studio Solution File, Format Version 12.00
# Visual Studio Version 16
VisualStudioVersion = 16.0.33920.266
MinimumVisualStudioVersion = 10.0.40219.1
Project("{FAE04EC0-301F-11D3-BF4B-00C04F79EFBC}") = "HelloWorld", "HelloWorld\HelloWorld.csproj", "{C486BE73-A7DC-4885-936E-9D1282349180}"
EndProject
Project("{FAE04EC0-301F-11D3-BF4B-00C04F79EFBC}") = "Variables", "Variables\Variables.csproj", "{388F099C-1FDF-43B3-A9A4-D9ACDE930B26}"
EndProject
Project("{FAE04EC0-301F-11D3-BF4B-00C04F79EFBC}") = "TypeConversion", "TypeConversion\TypeConversion.csproj", "{0E21AFA9-9C0F-43E9-90DC-FD2FF14D06D9}"
EndProject
Project("{FAE04EC0-301F-11D3-BF4B-00C04F79EFBC}") = "Operators", "Operators\Operators.csproj", "{4C3B4375-0F75-4216-8E5C-44B943FFC1E6}"
EndProject
Project("{FAE04EC0-301F-11D3-BF4B-00C04F79EFBC}") = "Class", "Class\Class.csproj", "{C3865E61-D51A-485D-B1CA-42D1564CF18D}"
EndProject
Project("{FAE04EC0-301F-11D3-BF4B-00C04F79EFBC}") = "Array", "Array\Array.csproj", "{69525671-B3D3-4E4B-9854-DFF9C898D9C9}"
EndProject
Project("{FAE04EC0-301F-11D3-BF4B-00C04F79EFBC}") = "String", "String\String.csproj", "{5C163B53-8D04-4324-A12A-A5180736D16C}"
EndProject
Project("{FAE04EC0-301F-11D3-BF4B-00C04F79EFBC}") = "Enums", "Enums\Enums.csproj", "{9EEA6B44-55B1-4606-A161-7037D0CD984C}"
EndProject
Project("{FAE04EC0-301F-11D3-BF4B-00C04F79EFBC}") = "ReferenceTypesAndValueTypes", "ReferenceTypesAndValueTypes\ReferenceTypesAndValueTypes.csproj", "{B7FD44A7-96E0-4D3A-B391-130766CD0033}"
EndProject
Project("{FAE04EC0-301F-11D3-BF4B-00C04F79EFBC}") = "Conditionals", "Conditionals\Conditionals.csproj", "{BD161AE5-E659-4FE7-B94A-8A5809CE5709}"
EndProject
Project("{FAE04EC0-301F-11D3-BF4B-00C04F79EFBC}") = "ConditionalsExercise", "ConditionalsExercise\ConditionalsExercise.csproj", "{97736254-1141-456F-BEF3-A5B38B9E0BA0}"
EndProject
Project("{FAE04EC0-301F-11D3-BF4B-00C04F79EFBC}") = "Iterations", "Iterations\Iterations.csproj", "{B10DCFD4-07A6-4231-AFB6-71DEEE4E5535}"
EndProject
Project("{FAE04EC0-301F-11D3-BF4B-00C04F79EFBC}") = "IterationsExercise", "IterationsExercise\IterationsExercise.csproj", "{AD089F42-E4F2-483C-9B4A-E3A920BFCEE9}"
EndProject
Project("{FAE04EC0-301F-11D3-BF4B-00C04F79EFBC}") = "ArrayPropertiesAndMethods", "ArrayPropertiesAndMethods\ArrayPropertiesAndMethods.csproj", "{AD06FE25-2555-4525-802A-36C9F59B2085}"
EndProject
Project("{FAE04EC0-301F-11D3-BF4B-00C04F79EFBC}") = "ListPropertiesAndMethods", "ListPropertiesAndMethods\ListPropertiesAndMethods.csproj", "{6590710E-679C-4E6A-B1EE-1DC98D0CD898}"
EndProject
Global
	GlobalSection(SolutionConfigurationPlatforms) = preSolution
		Debug|Any CPU = Debug|Any CPU
		Release|Any CPU = Release|Any CPU
	EndGlobalSection
	GlobalSection(ProjectConfigurationPlatforms) = postSolution
		{C486BE73-A7DC-4885-936E-9D1282349180}.Debug|Any CPU.ActiveCfg = Debug|Any CPU
		{C486BE73-A7DC-4885-936E-9D1282349180}.Debug|Any CPU.Build.0 = Debug|Any CPU
		{C486BE73-A7DC-4885-936E-9D1282349180}.Release|Any CPU.ActiveCfg = Release|Any CPU
		{C486BE73-A7DC-4885-936E-9D1282349180}.Release|Any CPU.Build.0 = Release|Any CPU
		{388F099C-1FDF-43B3-A9A4-D9ACDE930B26}.Debug|Any CPU.ActiveCfg = Debug|Any CPU
		{388F099C-1FDF-43B3-A9A4-D9ACDE930B26}.Debug|Any CPU.Build.0 = Debug|Any CPU
		{388F099C-1FDF-43B3-A9A4-D9ACDE930B26}.Release|Any CPU.ActiveCfg = Release|Any CPU
		{388F099C-1FDF-43B3-A9A4-D9ACDE930B26}.Release|Any CPU.Build.0 = Release|Any CPU
		{0E21AFA9-9C0F-43E9-90DC-FD2FF14D06D9}.Debug|Any CPU.ActiveCfg = Debug|Any CPU
		{0E21AFA9-9C0F-43E9-90DC-FD2FF14D06D9}.Debug|Any CPU.Build.0 = Debug|Any CPU
		{0E21AFA9-9C0F-43E9-90DC-FD2FF14D06D9}.Release|Any CPU.ActiveCfg = Release|Any CPU
		{0E21AFA9-9C0F-43E9-90DC-FD2FF14D06D9}.Release|Any CPU.Build.0 = Release|Any CPU
		{4C3B4375-0F75-4216-8E5C-44B943FFC1E6}.Debug|Any CPU.ActiveCfg = Debug|Any CPU
		{4C3B4375-0F75-4216-8E5C-44B943FFC1E6}.Debug|Any CPU.Build.0 = Debug|Any CPU
		{4C3B4375-0F75-4216-8E5C-44B943FFC1E6}.Release|Any CPU.ActiveCfg = Release|Any CPU
		{4C3B4375-0F75-4216-8E5C-44B943FFC1E6}.Release|Any CPU.Build.0 = Release|Any CPU
		{C3865E61-D51A-485D-B1CA-42D1564CF18D}.Debug|Any CPU.ActiveCfg = Debug|Any CPU
		{C3865E61-D51A-485D-B1CA-42D1564CF18D}.Debug|Any CPU.Build.0 = Debug|Any CPU
		{C3865E61-D51A-485D-B1CA-42D1564CF18D}.Release|Any CPU.ActiveCfg = Release|Any CPU
		{C3865E61-D51A-485D-B1CA-42D1564CF18D}.Release|Any CPU.Build.0 = Release|Any CPU
		{69525671-B3D3-4E4B-9854-DFF9C898D9C9}.Debug|Any CPU.ActiveCfg = Debug|Any CPU
		{69525671-B3D3-4E4B-9854-DFF9C898D9C9}.Debug|Any CPU.Build.0 = Debug|Any CPU
		{69525671-B3D3-4E4B-9854-DFF9C898D9C9}.Release|Any CPU.ActiveCfg = Release|Any CPU
		{69525671-B3D3-4E4B-9854-DFF9C898D9C9}.Release|Any CPU.Build.0 = Release|Any CPU
		{5C163B53-8D04-4324-A12A-A5180736D16C}.Debug|Any CPU.ActiveCfg = Debug|Any CPU
		{5C163B53-8D04-4324-A12A-A5180736D16C}.Debug|Any CPU.Build.0 = Debug|Any CPU
		{5C163B53-8D04-4324-A12A-A5180736D16C}.Release|Any CPU.ActiveCfg = Release|Any CPU
		{5C163B53-8D04-4324-A12A-A5180736D16C}.Release|Any CPU.Build.0 = Release|Any CPU
		{9EEA6B44-55B1-4606-A161-7037D0CD984C}.Debug|Any CPU.ActiveCfg = Debug|Any CPU
		{9EEA6B44-55B1-4606-A161-7037D0CD984C}.Debug|Any CPU.Build.0 = Debug|Any CPU
		{9EEA6B44-55B1-4606-A161-7037D0CD984C}.Release|Any CPU.ActiveCfg = Release|Any CPU
		{9EEA6B44-55B1-4606-A161-7037D0CD984C}.Release|Any CPU.Build.0 = Release|Any CPU
		{B7FD44A7-96E0-4D3A-B391-130766CD0033}.Debug|Any CPU.ActiveCfg = Debug|Any CPU
		{B7FD44A7-96E0-4D3A-B391-130766CD0033}.Debug|Any CPU.Build.0 = Debug|Any CPU
		{B7FD44A7-96E0-4D3A-B391-130766CD0033}.Release|Any CPU.ActiveCfg = Release|Any CPU
		{B7FD44A7-96E0-4D3A-B391-130766CD0033}.Release|Any CPU.Build.0 = Release|Any CPU
		{BD161AE5-E659-4FE7-B94A-8A5809CE5709}.Debug|Any CPU.ActiveCfg = Debug|Any CPU
		{BD161AE5-E659-4FE7-B94A-8A5809CE5709}.Debug|Any CPU.Build.0 = Debug|Any CPU
		{BD161AE5-E659-4FE7-B94A-8A5809CE5709}.Release|Any CPU.ActiveCfg = Release|Any CPU
		{BD161AE5-E659-4FE7-B94A-8A5809CE5709}.Release|Any CPU.Build.0 = Release|Any CPU
		{97736254-1141-456F-BEF3-A5B38B9E0BA0}.Debug|Any CPU.ActiveCfg = Debug|Any CPU
		{97736254-1141-456F-BEF3-A5B38B9E0BA0}.Debug|Any CPU.Build.0 = Debug|Any CPU
		{97736254-1141-456F-BEF3-A5B38B9E0BA0}.Release|Any CPU.ActiveCfg = Release|Any CPU
		{97736254-1141-456F-BEF3-A5B38B9E0BA0}.Release|Any CPU.Build.0 = Release|Any CPU
		{B10DCFD4-07A6-4231-AFB6-71DEEE4E5535}.Debug|Any CPU.ActiveCfg = Debug|Any CPU
		{B10DCFD4-07A6-4231-AFB6-71DEEE4E5535}.Debug|Any CPU.Build.0 = Debug|Any CPU
		{B10DCFD4-07A6-4231-AFB6-71DEEE4E5535}.Release|Any CPU.ActiveCfg = Release|Any CPU
		{B10DCFD4-07A6-4231-AFB6-71DEEE4E5535}.Release|Any CPU.Build.0 = Release|Any CPU
		{AD089F42-E4F2-483C-9B4A-E3A920BFCEE9}.Debug|Any CPU.ActiveCfg = Debug|Any CPU
		{AD089F42-E4F2-483C-9B4A-E3A920BFCEE9}.Debug|Any CPU.Build.0 = Debug|Any CPU
		{AD089F42-E4F2-483C-9B4A-E3A920BFCEE9}.Release|Any CPU.ActiveCfg = Release|Any CPU
		{AD089F42-E4F2-483C-9B4A-E3A920BFCEE9}.Release|Any CPU.Build.0 = Release|Any CPU
		{AD06FE25-2555-4525-802A-36C9F59B2085}.Debug|Any CPU.ActiveCfg = Debug|Any CPU
		{AD06FE25-2555-4525-802A-36C9F59B2085}.Debug|Any CPU.Build.0 = Debug|Any CPU
		{AD06FE25-2555-4525-802A-36C9F59B2085}.Release|Any CPU.ActiveCfg = Release|Any CPU
		{AD06FE25-2555-4525-802A-36C9F59B2085}.Release|Any CPU.Build.0 = Release|Any CPU
		{6590710E-679C-4E6A-B1EE-1DC98D0CD898}.Debug|Any CPU.ActiveCfg = Debug|Any CPU
		{6590710E-679C-4E6A-B1EE-1DC98D0CD898}.Debug|Any CPU.Build.0 = Debug|Any CPU
		{6590710E-679C-4E6A-B1EE-1DC98D0CD898}.Release|Any CPU.ActiveCfg = Release|Any CPU
		{6590710E-679C-4E6A-B1EE-1DC98D0CD898}.Release|Any CPU.Build.0 = Release|Any CPU
	EndGlobalSection
	GlobalSection(SolutionProperties) = preSolution
		HideSolutionNode = FALSE
	EndGlobalSection
	GlobalSection(ExtensibilityGlobals) = postSolution
		SolutionGuid = {9B181AEB-8885-43CE-8566-F4288FBCAF1B}
	EndGlobalSection
EndGlobal
